
Microsoft Visual Studio Solution File, Format Version 12.00
# Visual Studio Version 16
VisualStudioVersion = 16.0.30611.23
MinimumVisualStudioVersion = 10.0.40219.1
Project("{8BC9CEB8-8B4A-11D0-8D11-00A0C91BC942}") = "asp", "asp\asp.vcxproj", "{FE4D8B68-2DC7-473D-95A4-FCC02A53FCAC}"
EndProject
Global
	GlobalSection(SolutionConfigurationPlatforms) = preSolution
		Debug|x64 = Debug|x64
		Debug|x86 = Debug|x86
		Release|x64 = Release|x64
		Release|x86 = Release|x86
	EndGlobalSection
	GlobalSection(ProjectConfigurationPlatforms) = postSolution
		{FE4D8B68-2DC7-473D-95A4-FCC02A53FCAC}.Debug|x64.ActiveCfg = Debug|x64
		{FE4D8B68-2DC7-473D-95A4-FCC02A53FCAC}.Debug|x64.Build.0 = Debug|x64
		{FE4D8B68-2DC7-473D-95A4-FCC02A53FCAC}.Debug|x86.ActiveCfg = Debug|Win32
		{FE4D8B68-2DC7-473D-95A4-FCC02A53FCAC}.Debug|x86.Build.0 = Debug|Win32
		{FE4D8B68-2DC7-473D-95A4-FCC02A53FCAC}.Release|x64.ActiveCfg = Release|x64
		{FE4D8B68-2DC7-473D-95A4-FCC02A53FCAC}.Release|x64.Build.0 = Release|x64
		{FE4D8B68-2DC7-473D-95A4-FCC02A53FCAC}.Release|x86.ActiveCfg = Release|Win32
		{FE4D8B68-2DC7-473D-95A4-FCC02A53FCAC}.Release|x86.Build.0 = Release|Win32
	EndGlobalSection
	GlobalSection(SolutionProperties) = preSolution
		HideSolutionNode = FALSE
	EndGlobalSection
	GlobalSection(ExtensibilityGlobals) = postSolution
		SolutionGuid = {D4F7D56C-C4CA-4E85-B66E-80ABE9038C1C}
	EndGlobalSection
EndGlobal
